{
  "name": "@bratbit/onoff",
  "version": "0.3.3",
  "lockfileVersion": 3,
  "requires": true,
  "packages": {
    "": {
      "name": "@bratbit/onoff",
      "version": "0.3.3",
      "license": "ISC",
      "dependencies": {
        "bindings": "^1.5.0",
        "node-addon-api": "^8.0.0",
        "rxjs": "^7.8.1"
      },
      "devDependencies": {
        "@types/bindings": "^1.5.5",
        "@types/node": "^20.11.30",
        "typescript": "^5.4.3"
      }
    },
    "node_modules/@types/bindings": {
      "version": "1.5.5",
      "resolved": "https://registry.npmjs.org/@types/bindings/-/bindings-1.5.5.tgz",
      "integrity": "sha512-y59PRZBTo2/HuN94qRjyJD+465vGoXMsqz9MMJDbtJL9oT5/B+tAL6c3k10epIinC2/BBkLqKzKC6keukl8wdQ==",
      "dev": true,
      "dependencies": {
        "@types/node": "*"
      }
    },
    "node_modules/@types/node": {
      "version": "20.11.30",
      "resolved": "https://registry.npmjs.org/@types/node/-/node-20.11.30.tgz",
      "integrity": "sha512-dHM6ZxwlmuZaRmUPfv1p+KrdD1Dci04FbdEm/9wEMouFqxYoFl5aMkt0VMAUtYRQDyYvD41WJLukhq/ha3YuTw==",
      "dev": true,
      "dependencies": {
        "undici-types": "~5.26.4"
      }
    },
    "node_modules/bindings": {
      "version": "1.5.0",
      "resolved": "https://registry.npmjs.org/bindings/-/bindings-1.5.0.tgz",
      "integrity": "sha512-p2q/t/mhvuOj/UeLlV6566GD/guowlr0hHxClI0W9m7MWYkL1F0hLo+0Aexs9HSPCtR1SXQ0TD3MMKrXZajbiQ==",
      "dependencies": {
        "file-uri-to-path": "1.0.0"
      }
    },
    "node_modules/file-uri-to-path": {
      "version": "1.0.0",
      "resolved": "https://registry.npmjs.org/file-uri-to-path/-/file-uri-to-path-1.0.0.tgz",
      "integrity": "sha512-0Zt+s3L7Vf1biwWZ29aARiVYLx7iMGnEUl9x33fbB/j3jR81u/O2LbqK+Bm1CDSNDKVtJ/YjwY7TUd5SkeLQLw=="
    },
    "node_modules/node-addon-api": {
      "version": "8.0.0",
      "resolved": "https://registry.npmjs.org/node-addon-api/-/node-addon-api-8.0.0.tgz",
      "integrity": "sha512-ipO7rsHEBqa9STO5C5T10fj732ml+5kLN1cAG8/jdHd56ldQeGj3Q7+scUS+VHK/qy1zLEwC4wMK5+yM0btPvw==",
      "engines": {
        "node": "^18 || ^20 || >= 21"
      }
    },
    "node_modules/rxjs": {
      "version": "7.8.1",
      "resolved": "https://registry.npmjs.org/rxjs/-/rxjs-7.8.1.tgz",
      "integrity": "sha512-AA3TVj+0A2iuIoQkWEK/tqFjBq2j+6PO6Y0zJcvzLAFhEFIO3HL0vls9hWLncZbAAbK0mar7oZ4V079I/qPMxg==",
      "dependencies": {
        "tslib": "^2.1.0"
      }
    },
    "node_modules/tslib": {
      "version": "2.6.2",
      "resolved": "https://registry.npmjs.org/tslib/-/tslib-2.6.2.tgz",
      "integrity": "sha512-AEYxH93jGFPn/a2iVAwW87VuUIkR1FVUKB77NwMF7nBTDkDrrT/Hpt/IrCJ0QXhW27jTBDcf5ZY7w6RiqTMw2Q=="
    },
    "node_modules/typescript": {
      "version": "5.4.3",
      "resolved": "https://registry.npmjs.org/typescript/-/typescript-5.4.3.tgz",
      "integrity": "sha512-KrPd3PKaCLr78MalgiwJnA25Nm8HAmdwN3mYUYZgG/wizIo9EainNVQI9/yDavtVFRN2h3k8uf3GLHuhDMgEHg==",
      "dev": true,
      "bin": {
        "tsc": "bin/tsc",
        "tsserver": "bin/tsserver"
      },
      "engines": {
        "node": ">=14.17"
      }
    },
    "node_modules/undici-types": {
      "version": "5.26.5",
      "resolved": "https://registry.npmjs.org/undici-types/-/undici-types-5.26.5.tgz",
      "integrity": "sha512-JlCMO+ehdEIKqlFxk6IfVoAUVmgz7cU7zD/h9XZ0qzeosSHmUJVOzSQvvYSYWXkFXC+IfLKSIffhv0sVZup6pA==",
      "dev": true
    }
  }
}
